
Microsoft Visual Studio Solution File, Format Version 12.00
# Visual Studio Version 16
VisualStudioVersion = 16.0.29102.190
MinimumVisualStudioVersion = 10.0.40219.1
Project("{9A19103F-16F7-4668-BE54-9A1E7A4F7556}") = "TestsAndPatterns", "TestsAndPatterns\TestsAndPatterns.csproj", "{A8B786F7-01F8-498A-96BB-C980D296DC6B}"
EndProject
Project("{FAE04EC0-301F-11D3-BF4B-00C04F79EFBC}") = "Calculator.Tests", "Calculator.Tests\Calculator.Tests.csproj", "{77CF9AF0-0AB6-466E-BFC9-EA03CB65B278}"
EndProject
Global
	GlobalSection(SolutionConfigurationPlatforms) = preSolution
		Debug|Any CPU = Debug|Any CPU
		Release|Any CPU = Release|Any CPU
	EndGlobalSection
	GlobalSection(ProjectConfigurationPlatforms) = postSolution
		{A8B786F7-01F8-498A-96BB-C980D296DC6B}.Debug|Any CPU.ActiveCfg = Debug|Any CPU
		{A8B786F7-01F8-498A-96BB-C980D296DC6B}.Debug|Any CPU.Build.0 = Debug|Any CPU
		{A8B786F7-01F8-498A-96BB-C980D296DC6B}.Release|Any CPU.ActiveCfg = Release|Any CPU
		{A8B786F7-01F8-498A-96BB-C980D296DC6B}.Release|Any CPU.Build.0 = Release|Any CPU
		{77CF9AF0-0AB6-466E-BFC9-EA03CB65B278}.Debug|Any CPU.ActiveCfg = Debug|Any CPU
		{77CF9AF0-0AB6-466E-BFC9-EA03CB65B278}.Debug|Any CPU.Build.0 = Debug|Any CPU
		{77CF9AF0-0AB6-466E-BFC9-EA03CB65B278}.Release|Any CPU.ActiveCfg = Release|Any CPU
		{77CF9AF0-0AB6-466E-BFC9-EA03CB65B278}.Release|Any CPU.Build.0 = Release|Any CPU
	EndGlobalSection
	GlobalSection(SolutionProperties) = preSolution
		HideSolutionNode = FALSE
	EndGlobalSection
	GlobalSection(ExtensibilityGlobals) = postSolution
		SolutionGuid = {E0FA0DDB-CAA9-428D-BD2C-1356F0A687DE}
	EndGlobalSection
EndGlobal
